
Microsoft Visual Studio Solution File, Format Version 12.00
# Visual Studio 15
VisualStudioVersion = 15.0.28307.421
MinimumVisualStudioVersion = 10.0.40219.1
Project("{FAE04EC0-301F-11D3-BF4B-00C04F79EFBC}") = "App", "App\App.csproj", "{BBD0BEF2-CB7E-4F36-9A13-24DB67BFFA88}"
EndProject
Global
	GlobalSection(SolutionConfigurationPlatforms) = preSolution
		Debug|Any CPU = Debug|Any CPU
		Release|Any CPU = Release|Any CPU
	EndGlobalSection
	GlobalSection(ProjectConfigurationPlatforms) = postSolution
		{BBD0BEF2-CB7E-4F36-9A13-24DB67BFFA88}.Debug|Any CPU.ActiveCfg = Debug|Any CPU
		{BBD0BEF2-CB7E-4F36-9A13-24DB67BFFA88}.Debug|Any CPU.Build.0 = Debug|Any CPU
		{BBD0BEF2-CB7E-4F36-9A13-24DB67BFFA88}.Release|Any CPU.ActiveCfg = Release|Any CPU
		{BBD0BEF2-CB7E-4F36-9A13-24DB67BFFA88}.Release|Any CPU.Build.0 = Release|Any CPU
	EndGlobalSection
	GlobalSection(SolutionProperties) = preSolution
		HideSolutionNode = FALSE
	EndGlobalSection
	GlobalSection(ExtensibilityGlobals) = postSolution
		SolutionGuid = {F3DF0F67-1562-456F-A72B-95C485A0A58B}
	EndGlobalSection
EndGlobal
